// !$*UTF8*$!
{
	archiveVersion = 1;
	classes = {
	};
	objectVersion = 46;
	objects = {

/* Begin PBXBuildFile section */
		824A4E3020560F5B00DC45C6 /* sort.swift in Sources */ = {isa = PBXBuildFile; fileRef = 824A4E2F20560F5B00DC45C6 /* sort.swift */; };
		82637F04200C4442004CFF47 /* main.swift in Sources */ = {isa = PBXBuildFile; fileRef = 82637F03200C4442004CFF47 /* main.swift */; };
		82637F0B200C448F004CFF47 /* q26-remove-duplicate-from-sorted-array.swift in Sources */ = {isa = PBXBuildFile; fileRef = 82637F0A200C448F004CFF47 /* q26-remove-duplicate-from-sorted-array.swift */; };
		82637F0F200C46BD004CFF47 /* template.swift in Sources */ = {isa = PBXBuildFile; fileRef = 82637F0E200C46BD004CFF47 /* template.swift */; };
		82637F11200C4760004CFF47 /* q27-remove-element.swift in Sources */ = {isa = PBXBuildFile; fileRef = 82637F10200C4760004CFF47 /* q27-remove-element.swift */; };
		82637F13200CB67E004CFF47 /* q53-maximum-subarray.swift in Sources */ = {isa = PBXBuildFile; fileRef = 82637F12200CB67E004CFF47 /* q53-maximum-subarray.swift */; };
		82637F15200E2821004CFF47 /* q66-plus-one.swift in Sources */ = {isa = PBXBuildFile; fileRef = 82637F14200E2821004CFF47 /* q66-plus-one.swift */; };
		82637F17200EF6C3004CFF47 /* q169-majority-element.swift in Sources */ = {isa = PBXBuildFile; fileRef = 82637F16200EF6C3004CFF47 /* q169-majority-element.swift */; };
		82637F19200F3A6B004CFF47 /* q189-rotate-array.swift in Sources */ = {isa = PBXBuildFile; fileRef = 82637F18200F3A6B004CFF47 /* q189-rotate-array.swift */; };
		82637F1B2010D344004CFF47 /* q118-pascal's-triangle.swift in Sources */ = {isa = PBXBuildFile; fileRef = 82637F1A2010D344004CFF47 /* q118-pascal's-triangle.swift */; };
		82637F1D2010D3B4004CFF47 /* q58-length-of-last-word.swift in Sources */ = {isa = PBXBuildFile; fileRef = 82637F1C2010D3B4004CFF47 /* q58-length-of-last-word.swift */; };
		82637F1F2010D408004CFF47 /* q38-count-and-say.swift in Sources */ = {isa = PBXBuildFile; fileRef = 82637F1E2010D408004CFF47 /* q38-count-and-say.swift */; };
		82637F212010D46D004CFF47 /* q28-strStr.swift in Sources */ = {isa = PBXBuildFile; fileRef = 82637F202010D46D004CFF47 /* q28-strStr.swift */; };
		82637F232010D4C5004CFF47 /* q88-merge-sorted-array.swift in Sources */ = {isa = PBXBuildFile; fileRef = 82637F222010D4C5004CFF47 /* q88-merge-sorted-array.swift */; };
		827644DA2019C1740029DC36 /* q3-longest-substring-without-repeating-char.swift in Sources */ = {isa = PBXBuildFile; fileRef = 827644D92019C1740029DC36 /* q3-longest-substring-without-repeating-char.swift */; };
		827644DC2019C19D0029DC36 /* q150-evaluate-reverse-polish-natation.swift in Sources */ = {isa = PBXBuildFile; fileRef = 827644DB2019C19D0029DC36 /* q150-evaluate-reverse-polish-natation.swift */; };
		827644DE2019C2EB0029DC36 /* q7-reverse-integer.swift in Sources */ = {isa = PBXBuildFile; fileRef = 827644DD2019C2EB0029DC36 /* q7-reverse-integer.swift */; };
		827644E02019C3DA0029DC36 /* q14-longest-common-prefix.swift in Sources */ = {isa = PBXBuildFile; fileRef = 827644DF2019C3DA0029DC36 /* q14-longest-common-prefix.swift */; };
		827644E22019C4860029DC36 /* q20-valid-parentheses.swift in Sources */ = {isa = PBXBuildFile; fileRef = 827644E12019C4860029DC36 /* q20-valid-parentheses.swift */; };
		827644E42019C50C0029DC36 /* q205-isomorphic-strings.swift in Sources */ = {isa = PBXBuildFile; fileRef = 827644E32019C50C0029DC36 /* q205-isomorphic-strings.swift */; };
		827644E62019C6160029DC36 /* q9-palindrome-number.swift in Sources */ = {isa = PBXBuildFile; fileRef = 827644E52019C6160029DC36 /* q9-palindrome-number.swift */; };
		827644E82019C6AD0029DC36 /* q1-two-sums.swift in Sources */ = {isa = PBXBuildFile; fileRef = 827644E72019C6AD0029DC36 /* q1-two-sums.swift */; };
		827644EA2019C7140029DC36 /* q119-pascal's-triangle.swift in Sources */ = {isa = PBXBuildFile; fileRef = 827644E92019C7140029DC36 /* q119-pascal's-triangle.swift */; };
		827644EE2019C83B0029DC36 /* q35-search-insert-position.swift in Sources */ = {isa = PBXBuildFile; fileRef = 827644ED2019C83B0029DC36 /* q35-search-insert-position.swift */; };
		827644F02019C8E70029DC36 /* q121-best-time-to-buy-and-sell-stock.swift in Sources */ = {isa = PBXBuildFile; fileRef = 827644EF2019C8E70029DC36 /* q121-best-time-to-buy-and-sell-stock.swift */; };
		827644F22019C94C0029DC36 /* q167-two-sum2-input-array-is-sorted.swift in Sources */ = {isa = PBXBuildFile; fileRef = 827644F12019C94C0029DC36 /* q167-two-sum2-input-array-is-sorted.swift */; };
		827644F42019C9AD0029DC36 /* q13-roman-to-integer.swift in Sources */ = {isa = PBXBuildFile; fileRef = 827644F32019C9AD0029DC36 /* q13-roman-to-integer.swift */; };
		82FF045920205CB10007EE35 /* q127-word-ladder.swift in Sources */ = {isa = PBXBuildFile; fileRef = 82FF045820205CB10007EE35 /* q127-word-ladder.swift */; };
		82FF045B20205DBF0007EE35 /* q54-spiral-matrix.swift in Sources */ = {isa = PBXBuildFile; fileRef = 82FF045A20205DBF0007EE35 /* q54-spiral-matrix.swift */; };
		82FF045D20205E9A0007EE35 /* q217-contains-duplicate.swift in Sources */ = {isa = PBXBuildFile; fileRef = 82FF045C20205E9A0007EE35 /* q217-contains-duplicate.swift */; };
		82FF045F202060AC0007EE35 /* q11-container-with-most-water.swift in Sources */ = {isa = PBXBuildFile; fileRef = 82FF045E202060AC0007EE35 /* q11-container-with-most-water.swift */; };
		82FF04612020613A0007EE35 /* q766-toeplitz-matrix.swift in Sources */ = {isa = PBXBuildFile; fileRef = 82FF04602020613A0007EE35 /* q766-toeplitz-matrix.swift */; };
		82FF0463202068F60007EE35 /* q334-increasing-triplet-subSequence.swift in Sources */ = {isa = PBXBuildFile; fileRef = 82FF0462202068F60007EE35 /* q334-increasing-triplet-subSequence.swift */; };
/* End PBXBuildFile section */

/* Begin PBXCopyFilesBuildPhase section */
		82637EFE200C4442004CFF47 /* CopyFiles */ = {
			isa = PBXCopyFilesBuildPhase;
			buildActionMask = 2147483647;
			dstPath = /usr/share/man/man1/;
			dstSubfolderSpec = 0;
			files = (
			);
			runOnlyForDeploymentPostprocessing = 1;
		};
/* End PBXCopyFilesBuildPhase section */

/* Begin PBXFileReference section */
		824A4E2F20560F5B00DC45C6 /* sort.swift */ = {isa = PBXFileReference; fileEncoding = 4; lastKnownFileType = sourcecode.swift; path = sort.swift; sourceTree = "<group>"; };
		82637F00200C4442004CFF47 /* leetcode */ = {isa = PBXFileReference; explicitFileType = "compiled.mach-o.executable"; includeInIndex = 0; path = leetcode; sourceTree = BUILT_PRODUCTS_DIR; };
		82637F03200C4442004CFF47 /* main.swift */ = {isa = PBXFileReference; lastKnownFileType = sourcecode.swift; path = main.swift; sourceTree = "<group>"; };
		82637F0A200C448F004CFF47 /* q26-remove-duplicate-from-sorted-array.swift */ = {isa = PBXFileReference; fileEncoding = 4; lastKnownFileType = sourcecode.swift; path = "q26-remove-duplicate-from-sorted-array.swift"; sourceTree = "<group>"; };
		82637F0E200C46BD004CFF47 /* template.swift */ = {isa = PBXFileReference; fileEncoding = 4; lastKnownFileType = sourcecode.swift; path = template.swift; sourceTree = "<group>"; };
		82637F10200C4760004CFF47 /* q27-remove-element.swift */ = {isa = PBXFileReference; fileEncoding = 4; lastKnownFileType = sourcecode.swift; path = "q27-remove-element.swift"; sourceTree = "<group>"; };
		82637F12200CB67E004CFF47 /* q53-maximum-subarray.swift */ = {isa = PBXFileReference; fileEncoding = 4; lastKnownFileType = sourcecode.swift; path = "q53-maximum-subarray.swift"; sourceTree = "<group>"; };
		82637F14200E2821004CFF47 /* q66-plus-one.swift */ = {isa = PBXFileReference; fileEncoding = 4; lastKnownFileType = sourcecode.swift; path = "q66-plus-one.swift"; sourceTree = "<group>"; };
		82637F16200EF6C3004CFF47 /* q169-majority-element.swift */ = {isa = PBXFileReference; fileEncoding = 4; lastKnownFileType = sourcecode.swift; path = "q169-majority-element.swift"; sourceTree = "<group>"; };
		82637F18200F3A6B004CFF47 /* q189-rotate-array.swift */ = {isa = PBXFileReference; fileEncoding = 4; lastKnownFileType = sourcecode.swift; path = "q189-rotate-array.swift"; sourceTree = "<group>"; };
		82637F1A2010D344004CFF47 /* q118-pascal's-triangle.swift */ = {isa = PBXFileReference; fileEncoding = 4; lastKnownFileType = sourcecode.swift; path = "q118-pascal's-triangle.swift"; sourceTree = "<group>"; };
		82637F1C2010D3B4004CFF47 /* q58-length-of-last-word.swift */ = {isa = PBXFileReference; fileEncoding = 4; lastKnownFileType = sourcecode.swift; path = "q58-length-of-last-word.swift"; sourceTree = "<group>"; };
		82637F1E2010D408004CFF47 /* q38-count-and-say.swift */ = {isa = PBXFileReference; fileEncoding = 4; lastKnownFileType = sourcecode.swift; path = "q38-count-and-say.swift"; sourceTree = "<group>"; };
		82637F202010D46D004CFF47 /* q28-strStr.swift */ = {isa = PBXFileReference; fileEncoding = 4; lastKnownFileType = sourcecode.swift; path = "q28-strStr.swift"; sourceTree = "<group>"; };
		82637F222010D4C5004CFF47 /* q88-merge-sorted-array.swift */ = {isa = PBXFileReference; fileEncoding = 4; lastKnownFileType = sourcecode.swift; path = "q88-merge-sorted-array.swift"; sourceTree = "<group>"; };
		827644D92019C1740029DC36 /* q3-longest-substring-without-repeating-char.swift */ = {isa = PBXFileReference; fileEncoding = 4; lastKnownFileType = sourcecode.swift; path = "q3-longest-substring-without-repeating-char.swift"; sourceTree = "<group>"; };
		827644DB2019C19D0029DC36 /* q150-evaluate-reverse-polish-natation.swift */ = {isa = PBXFileReference; fileEncoding = 4; lastKnownFileType = sourcecode.swift; path = "q150-evaluate-reverse-polish-natation.swift"; sourceTree = "<group>"; };
		827644DD2019C2EB0029DC36 /* q7-reverse-integer.swift */ = {isa = PBXFileReference; fileEncoding = 4; lastKnownFileType = sourcecode.swift; path = "q7-reverse-integer.swift"; sourceTree = "<group>"; };
		827644DF2019C3DA0029DC36 /* q14-longest-common-prefix.swift */ = {isa = PBXFileReference; fileEncoding = 4; lastKnownFileType = sourcecode.swift; path = "q14-longest-common-prefix.swift"; sourceTree = "<group>"; };
		827644E12019C4860029DC36 /* q20-valid-parentheses.swift */ = {isa = PBXFileReference; fileEncoding = 4; lastKnownFileType = sourcecode.swift; path = "q20-valid-parentheses.swift"; sourceTree = "<group>"; };
		827644E32019C50C0029DC36 /* q205-isomorphic-strings.swift */ = {isa = PBXFileReference; fileEncoding = 4; lastKnownFileType = sourcecode.swift; path = "q205-isomorphic-strings.swift"; sourceTree = "<group>"; };
		827644E52019C6160029DC36 /* q9-palindrome-number.swift */ = {isa = PBXFileReference; fileEncoding = 4; lastKnownFileType = sourcecode.swift; path = "q9-palindrome-number.swift"; sourceTree = "<group>"; };
		827644E72019C6AD0029DC36 /* q1-two-sums.swift */ = {isa = PBXFileReference; fileEncoding = 4; lastKnownFileType = sourcecode.swift; path = "q1-two-sums.swift"; sourceTree = "<group>"; };
		827644E92019C7140029DC36 /* q119-pascal's-triangle.swift */ = {isa = PBXFileReference; fileEncoding = 4; lastKnownFileType = sourcecode.swift; path = "q119-pascal's-triangle.swift"; sourceTree = "<group>"; };
		827644ED2019C83B0029DC36 /* q35-search-insert-position.swift */ = {isa = PBXFileReference; fileEncoding = 4; lastKnownFileType = sourcecode.swift; path = "q35-search-insert-position.swift"; sourceTree = "<group>"; };
		827644EF2019C8E70029DC36 /* q121-best-time-to-buy-and-sell-stock.swift */ = {isa = PBXFileReference; fileEncoding = 4; lastKnownFileType = sourcecode.swift; path = "q121-best-time-to-buy-and-sell-stock.swift"; sourceTree = "<group>"; };
		827644F12019C94C0029DC36 /* q167-two-sum2-input-array-is-sorted.swift */ = {isa = PBXFileReference; fileEncoding = 4; lastKnownFileType = sourcecode.swift; path = "q167-two-sum2-input-array-is-sorted.swift"; sourceTree = "<group>"; };
		827644F32019C9AD0029DC36 /* q13-roman-to-integer.swift */ = {isa = PBXFileReference; fileEncoding = 4; lastKnownFileType = sourcecode.swift; path = "q13-roman-to-integer.swift"; sourceTree = "<group>"; };
		82FF045820205CB10007EE35 /* q127-word-ladder.swift */ = {isa = PBXFileReference; fileEncoding = 4; lastKnownFileType = sourcecode.swift; path = "q127-word-ladder.swift"; sourceTree = "<group>"; };
		82FF045A20205DBF0007EE35 /* q54-spiral-matrix.swift */ = {isa = PBXFileReference; fileEncoding = 4; lastKnownFileType = sourcecode.swift; path = "q54-spiral-matrix.swift"; sourceTree = "<group>"; };
		82FF045C20205E9A0007EE35 /* q217-contains-duplicate.swift */ = {isa = PBXFileReference; fileEncoding = 4; lastKnownFileType = sourcecode.swift; path = "q217-contains-duplicate.swift"; sourceTree = "<group>"; };
		82FF045E202060AC0007EE35 /* q11-container-with-most-water.swift */ = {isa = PBXFileReference; fileEncoding = 4; lastKnownFileType = sourcecode.swift; path = "q11-container-with-most-water.swift"; sourceTree = "<group>"; };
		82FF04602020613A0007EE35 /* q766-toeplitz-matrix.swift */ = {isa = PBXFileReference; fileEncoding = 4; lastKnownFileType = sourcecode.swift; path = "q766-toeplitz-matrix.swift"; sourceTree = "<group>"; };
		82FF0462202068F60007EE35 /* q334-increasing-triplet-subSequence.swift */ = {isa = PBXFileReference; fileEncoding = 4; lastKnownFileType = sourcecode.swift; path = "q334-increasing-triplet-subSequence.swift"; sourceTree = "<group>"; };
/* End PBXFileReference section */

/* Begin PBXFrameworksBuildPhase section */
		82637EFD200C4442004CFF47 /* Frameworks */ = {
			isa = PBXFrameworksBuildPhase;
			buildActionMask = 2147483647;
			files = (
			);
			runOnlyForDeploymentPostprocessing = 0;
		};
/* End PBXFrameworksBuildPhase section */

/* Begin PBXGroup section */
		824A4E2E20560F1B00DC45C6 /* Sort */ = {
			isa = PBXGroup;
			children = (
				824A4E2F20560F5B00DC45C6 /* sort.swift */,
			);
			name = Sort;
			sourceTree = "<group>";
		};
		82637EF7200C4441004CFF47 = {
			isa = PBXGroup;
			children = (
				82637F02200C4442004CFF47 /* leetcode */,
				82637F01200C4442004CFF47 /* Products */,
			);
			sourceTree = "<group>";
		};
		82637F01200C4442004CFF47 /* Products */ = {
			isa = PBXGroup;
			children = (
				82637F00200C4442004CFF47 /* leetcode */,
			);
			name = Products;
			sourceTree = "<group>";
		};
		82637F02200C4442004CFF47 /* leetcode */ = {
			isa = PBXGroup;
			children = (
				824A4E2E20560F1B00DC45C6 /* Sort */,
				827644D82019C13E0029DC36 /* Medium */,
				827644D72019C1220029DC36 /* Easy */,
				82637F03200C4442004CFF47 /* main.swift */,
				82637F0E200C46BD004CFF47 /* template.swift */,
			);
			path = leetcode;
			sourceTree = "<group>";
		};
		827644D72019C1220029DC36 /* Easy */ = {
			isa = PBXGroup;
			children = (
				82637F0A200C448F004CFF47 /* q26-remove-duplicate-from-sorted-array.swift */,
				82637F10200C4760004CFF47 /* q27-remove-element.swift */,
				82637F12200CB67E004CFF47 /* q53-maximum-subarray.swift */,
				82637F14200E2821004CFF47 /* q66-plus-one.swift */,
				82637F16200EF6C3004CFF47 /* q169-majority-element.swift */,
				82637F18200F3A6B004CFF47 /* q189-rotate-array.swift */,
				82637F1A2010D344004CFF47 /* q118-pascal's-triangle.swift */,
				82637F1C2010D3B4004CFF47 /* q58-length-of-last-word.swift */,
				82637F1E2010D408004CFF47 /* q38-count-and-say.swift */,
				82637F202010D46D004CFF47 /* q28-strStr.swift */,
				82637F222010D4C5004CFF47 /* q88-merge-sorted-array.swift */,
				827644DD2019C2EB0029DC36 /* q7-reverse-integer.swift */,
				827644DF2019C3DA0029DC36 /* q14-longest-common-prefix.swift */,
				827644E12019C4860029DC36 /* q20-valid-parentheses.swift */,
				827644E32019C50C0029DC36 /* q205-isomorphic-strings.swift */,
				827644E52019C6160029DC36 /* q9-palindrome-number.swift */,
				827644E72019C6AD0029DC36 /* q1-two-sums.swift */,
				827644E92019C7140029DC36 /* q119-pascal's-triangle.swift */,
				827644ED2019C83B0029DC36 /* q35-search-insert-position.swift */,
				827644EF2019C8E70029DC36 /* q121-best-time-to-buy-and-sell-stock.swift */,
				827644F12019C94C0029DC36 /* q167-two-sum2-input-array-is-sorted.swift */,
				827644F32019C9AD0029DC36 /* q13-roman-to-integer.swift */,
				82FF045C20205E9A0007EE35 /* q217-contains-duplicate.swift */,
				82FF04602020613A0007EE35 /* q766-toeplitz-matrix.swift */,
			);
			name = Easy;
			sourceTree = "<group>";
		};
		827644D82019C13E0029DC36 /* Medium */ = {
			isa = PBXGroup;
			children = (
				827644D92019C1740029DC36 /* q3-longest-substring-without-repeating-char.swift */,
				827644DB2019C19D0029DC36 /* q150-evaluate-reverse-polish-natation.swift */,
				82FF045820205CB10007EE35 /* q127-word-ladder.swift */,
				82FF045A20205DBF0007EE35 /* q54-spiral-matrix.swift */,
				82FF045E202060AC0007EE35 /* q11-container-with-most-water.swift */,
				82FF0462202068F60007EE35 /* q334-increasing-triplet-subSequence.swift */,
			);
			name = Medium;
			sourceTree = "<group>";
		};
/* End PBXGroup section */

/* Begin PBXNativeTarget section */
		82637EFF200C4442004CFF47 /* leetcode */ = {
			isa = PBXNativeTarget;
			buildConfigurationList = 82637F07200C4442004CFF47 /* Build configuration list for PBXNativeTarget "leetcode" */;
			buildPhases = (
				82637EFC200C4442004CFF47 /* Sources */,
				82637EFD200C4442004CFF47 /* Frameworks */,
				82637EFE200C4442004CFF47 /* CopyFiles */,
			);
			buildRules = (
			);
			dependencies = (
			);
			name = leetcode;
			productName = leetcode;
			productReference = 82637F00200C4442004CFF47 /* leetcode */;
			productType = "com.apple.product-type.tool";
		};
/* End PBXNativeTarget section */

/* Begin PBXProject section */
		82637EF8200C4441004CFF47 /* Project object */ = {
			isa = PBXProject;
			attributes = {
				LastSwiftUpdateCheck = 0830;
				LastUpgradeCheck = 0830;
				ORGANIZATIONNAME = lingqineng;
				TargetAttributes = {
					82637EFF200C4442004CFF47 = {
						CreatedOnToolsVersion = 8.3.3;
						DevelopmentTeam = 96C873F27H;
						ProvisioningStyle = Automatic;
					};
				};
			};
			buildConfigurationList = 82637EFB200C4441004CFF47 /* Build configuration list for PBXProject "leetcode" */;
			compatibilityVersion = "Xcode 3.2";
			developmentRegion = English;
			hasScannedForEncodings = 0;
			knownRegions = (
				en,
			);
			mainGroup = 82637EF7200C4441004CFF47;
			productRefGroup = 82637F01200C4442004CFF47 /* Products */;
			projectDirPath = "";
			projectRoot = "";
			targets = (
				82637EFF200C4442004CFF47 /* leetcode */,
			);
		};
/* End PBXProject section */

/* Begin PBXSourcesBuildPhase section */
		82637EFC200C4442004CFF47 /* Sources */ = {
			isa = PBXSourcesBuildPhase;
			buildActionMask = 2147483647;
			files = (
				82FF0463202068F60007EE35 /* q334-increasing-triplet-subSequence.swift in Sources */,
				82637F0B200C448F004CFF47 /* q26-remove-duplicate-from-sorted-array.swift in Sources */,
				82FF045D20205E9A0007EE35 /* q217-contains-duplicate.swift in Sources */,
				827644EA2019C7140029DC36 /* q119-pascal's-triangle.swift in Sources */,
				827644E62019C6160029DC36 /* q9-palindrome-number.swift in Sources */,
				82637F04200C4442004CFF47 /* main.swift in Sources */,
				82637F0F200C46BD004CFF47 /* template.swift in Sources */,
				82637F232010D4C5004CFF47 /* q88-merge-sorted-array.swift in Sources */,
				82637F13200CB67E004CFF47 /* q53-maximum-subarray.swift in Sources */,
				827644E82019C6AD0029DC36 /* q1-two-sums.swift in Sources */,
				827644EE2019C83B0029DC36 /* q35-search-insert-position.swift in Sources */,
				82637F1B2010D344004CFF47 /* q118-pascal's-triangle.swift in Sources */,
				827644F22019C94C0029DC36 /* q167-two-sum2-input-array-is-sorted.swift in Sources */,
				827644F42019C9AD0029DC36 /* q13-roman-to-integer.swift in Sources */,
				82637F15200E2821004CFF47 /* q66-plus-one.swift in Sources */,
				82FF045F202060AC0007EE35 /* q11-container-with-most-water.swift in Sources */,
				82637F19200F3A6B004CFF47 /* q189-rotate-array.swift in Sources */,
				824A4E3020560F5B00DC45C6 /* sort.swift in Sources */,
				82FF04612020613A0007EE35 /* q766-toeplitz-matrix.swift in Sources */,
				827644F02019C8E70029DC36 /* q121-best-time-to-buy-and-sell-stock.swift in Sources */,
				827644DC2019C19D0029DC36 /* q150-evaluate-reverse-polish-natation.swift in Sources */,
				82637F11200C4760004CFF47 /* q27-remove-element.swift in Sources */,
				827644DA2019C1740029DC36 /* q3-longest-substring-without-repeating-char.swift in Sources */,
				82FF045920205CB10007EE35 /* q127-word-ladder.swift in Sources */,
				82637F17200EF6C3004CFF47 /* q169-majority-element.swift in Sources */,
				82637F212010D46D004CFF47 /* q28-strStr.swift in Sources */,
				827644E22019C4860029DC36 /* q20-valid-parentheses.swift in Sources */,
				82FF045B20205DBF0007EE35 /* q54-spiral-matrix.swift in Sources */,
				82637F1F2010D408004CFF47 /* q38-count-and-say.swift in Sources */,
				82637F1D2010D3B4004CFF47 /* q58-length-of-last-word.swift in Sources */,
				827644E42019C50C0029DC36 /* q205-isomorphic-strings.swift in Sources */,
				827644DE2019C2EB0029DC36 /* q7-reverse-integer.swift in Sources */,
				827644E02019C3DA0029DC36 /* q14-longest-common-prefix.swift in Sources */,
			);
			runOnlyForDeploymentPostprocessing = 0;
		};
/* End PBXSourcesBuildPhase section */

/* Begin XCBuildConfiguration section */
		82637F05200C4442004CFF47 /* Debug */ = {
			isa = XCBuildConfiguration;
			buildSettings = {
				ALWAYS_SEARCH_USER_PATHS = NO;
				CLANG_ANALYZER_NONNULL = YES;
				CLANG_ANALYZER_NUMBER_OBJECT_CONVERSION = YES_AGGRESSIVE;
				CLANG_CXX_LANGUAGE_STANDARD = "gnu++0x";
				CLANG_CXX_LIBRARY = "libc++";
				CLANG_ENABLE_MODULES = YES;
				CLANG_ENABLE_OBJC_ARC = YES;
				CLANG_WARN_BOOL_CONVERSION = YES;
				CLANG_WARN_CONSTANT_CONVERSION = YES;
				CLANG_WARN_DIRECT_OBJC_ISA_USAGE = YES_ERROR;
				CLANG_WARN_DOCUMENTATION_COMMENTS = YES;
				CLANG_WARN_EMPTY_BODY = YES;
				CLANG_WARN_ENUM_CONVERSION = YES;
				CLANG_WARN_INFINITE_RECURSION = YES;
				CLANG_WARN_INT_CONVERSION = YES;
				CLANG_WARN_OBJC_ROOT_CLASS = YES_ERROR;
				CLANG_WARN_SUSPICIOUS_MOVE = YES;
				CLANG_WARN_UNREACHABLE_CODE = YES;
				CLANG_WARN__DUPLICATE_METHOD_MATCH = YES;
				CODE_SIGN_IDENTITY = "-";
				COPY_PHASE_STRIP = NO;
				DEBUG_INFORMATION_FORMAT = dwarf;
				ENABLE_STRICT_OBJC_MSGSEND = YES;
				ENABLE_TESTABILITY = YES;
				GCC_C_LANGUAGE_STANDARD = gnu99;
				GCC_DYNAMIC_NO_PIC = NO;
				GCC_NO_COMMON_BLOCKS = YES;
				GCC_OPTIMIZATION_LEVEL = 0;
				GCC_PREPROCESSOR_DEFINITIONS = (
					"DEBUG=1",
					"$(inherited)",
				);
				GCC_WARN_64_TO_32_BIT_CONVERSION = YES;
				GCC_WARN_ABOUT_RETURN_TYPE = YES_ERROR;
				GCC_WARN_UNDECLARED_SELECTOR = YES;
				GCC_WARN_UNINITIALIZED_AUTOS = YES_AGGRESSIVE;
				GCC_WARN_UNUSED_FUNCTION = YES;
				GCC_WARN_UNUSED_VARIABLE = YES;
				MACOSX_DEPLOYMENT_TARGET = 10.12;
				MTL_ENABLE_DEBUG_INFO = YES;
				ONLY_ACTIVE_ARCH = YES;
				SDKROOT = macosx;
				SWIFT_OPTIMIZATION_LEVEL = "-Onone";
			};
			name = Debug;
		};
		82637F06200C4442004CFF47 /* Release */ = {
			isa = XCBuildConfiguration;
			buildSettings = {
				ALWAYS_SEARCH_USER_PATHS = NO;
				CLANG_ANALYZER_NONNULL = YES;
				CLANG_ANALYZER_NUMBER_OBJECT_CONVERSION = YES_AGGRESSIVE;
				CLANG_CXX_LANGUAGE_STANDARD = "gnu++0x";
				CLANG_CXX_LIBRARY = "libc++";
				CLANG_ENABLE_MODULES = YES;
				CLANG_ENABLE_OBJC_ARC = YES;
				CLANG_WARN_BOOL_CONVERSION = YES;
				CLANG_WARN_CONSTANT_CONVERSION = YES;
				CLANG_WARN_DIRECT_OBJC_ISA_USAGE = YES_ERROR;
				CLANG_WARN_DOCUMENTATION_COMMENTS = YES;
				CLANG_WARN_EMPTY_BODY = YES;
				CLANG_WARN_ENUM_CONVERSION = YES;
				CLANG_WARN_INFINITE_RECURSION = YES;
				CLANG_WARN_INT_CONVERSION = YES;
				CLANG_WARN_OBJC_ROOT_CLASS = YES_ERROR;
				CLANG_WARN_SUSPICIOUS_MOVE = YES;
				CLANG_WARN_UNREACHABLE_CODE = YES;
				CLANG_WARN__DUPLICATE_METHOD_MATCH = YES;
				CODE_SIGN_IDENTITY = "-";
				COPY_PHASE_STRIP = NO;
				DEBUG_INFORMATION_FORMAT = "dwarf-with-dsym";
				ENABLE_NS_ASSERTIONS = NO;
				ENABLE_STRICT_OBJC_MSGSEND = YES;
				GCC_C_LANGUAGE_STANDARD = gnu99;
				GCC_NO_COMMON_BLOCKS = YES;
				GCC_WARN_64_TO_32_BIT_CONVERSION = YES;
				GCC_WARN_ABOUT_RETURN_TYPE = YES_ERROR;
				GCC_WARN_UNDECLARED_SELECTOR = YES;
				GCC_WARN_UNINITIALIZED_AUTOS = YES_AGGRESSIVE;
				GCC_WARN_UNUSED_FUNCTION = YES;
				GCC_WARN_UNUSED_VARIABLE = YES;
				MACOSX_DEPLOYMENT_TARGET = 10.12;
				MTL_ENABLE_DEBUG_INFO = NO;
				SDKROOT = macosx;
			};
			name = Release;
		};
		82637F08200C4442004CFF47 /* Debug */ = {
			isa = XCBuildConfiguration;
			buildSettings = {
				DEVELOPMENT_TEAM = 96C873F27H;
				PRODUCT_NAME = "$(TARGET_NAME)";
				SWIFT_VERSION = 3.0;
			};
			name = Debug;
		};
		82637F09200C4442004CFF47 /* Release */ = {
			isa = XCBuildConfiguration;
			buildSettings = {
				DEVELOPMENT_TEAM = 96C873F27H;
				PRODUCT_NAME = "$(TARGET_NAME)";
				SWIFT_VERSION = 3.0;
			};
			name = Release;
		};
/* End XCBuildConfiguration section */

/* Begin XCConfigurationList section */
		82637EFB200C4441004CFF47 /* Build configuration list for PBXProject "leetcode" */ = {
			isa = XCConfigurationList;
			buildConfigurations = (
				82637F05200C4442004CFF47 /* Debug */,
				82637F06200C4442004CFF47 /* Release */,
			);
			defaultConfigurationIsVisible = 0;
			defaultConfigurationName = Release;
		};
		82637F07200C4442004CFF47 /* Build configuration list for PBXNativeTarget "leetcode" */ = {
			isa = XCConfigurationList;
			buildConfigurations = (
				82637F08200C4442004CFF47 /* Debug */,
				82637F09200C4442004CFF47 /* Release */,
			);
			defaultConfigurationIsVisible = 0;
			defaultConfigurationName = Release;
		};
/* End XCConfigurationList section */
	};
	rootObject = 82637EF8200C4441004CFF47 /* Project object */;
}
